lockfileVersion: '9.0'

settings:
  autoInstallPeers: true
  excludeLinksFromLockfile: false

importers:

  .:
    dependencies:
      '@lynx-js/react':
        specifier: '>=0.100.0'
        version: 0.126.0(@lynx-js/types@3.9.0)(@types/react@19.2.18)
    devDependencies:
      '@lynx-js/autolink-codegen':
        specifier: ^0.4.1
        version: 0.4.1

packages:

  '@lynx-js/autolink-codegen@0.4.1':
    resolution: {integrity: sha512-wvg15R+y+kvUsPfYQ+vgFFuFgcs8hqx2bAaBHOTISH8fLTDCh0Wtfy71fsHeXkqI2TBtHyoDG9St1HfR1TwIEQ==}
    engines: {node: ^20 || ^22 || ^24}
    hasBin: true

  '@lynx-js/internal-preact@11.0.0-rc.1-20260903085447-f95471a':
    resolution: {integrity: sha512-RsU+km8Ulg+HVEJpx1/lq/38GUB+KtJKypB80gbumAtswd+og0RpVppy8bZTBVZY7jSjxx2GHYPTjT61+HDPaw==}
    peerDependencies:
      preact-render-to-string: '>=6.7.0'
    peerDependenciesMeta:
      preact-render-to-string:
        optional: true

  '@lynx-js/react@0.126.0':
    resolution: {integrity: sha512-3R5FLTgT8DPiyu/w78cJk4Zy36GFGNbFT2ZhonTlnhEb6jewil146/jVYBRlvVoNvTQI+oRcHnHBlgp8HYdybg==}
    peerDependencies:
      '@lynx-js/types': '*'
      '@types/react': ^18 || ^19.0.0
    peerDependenciesMeta:
      '@lynx-js/types':
        optional: true

  '@lynx-js/types@3.9.0':
    resolution: {integrity: sha512-mwODjqahwrGwNUsmpG/GZ5ztccB2aZ3Do8o9KwJpH5XsaXXynaRVEzmOeq2/BsLWzs4rWj6zEwsK+CaX3DCKyA==}

  '@types/react@19.2.18':
    resolution: {integrity: sha512-AnzbBERsrLKtk2XSfTbYRLjQPdy116Sty4q+T+Bp3IC4l6jNBvreVPAHmpq9qhXQM7CXZPjLVmGMw9sy+hxQ3w==}

  csstype@3.1.3:
    resolution: {integrity: sha512-M1uQkMl8rQK/szD0LNhtqxIPLpimGm8sOBwU7lLnCpSbTyY3yeU1Vc7l4KT5zT4s/yOxHH5O7tIuuLOCnLADRw==}

  csstype@3.2.3:
    resolution: {integrity: sha512-z1HGKcYy2xA8AGQfwrn0PAy+PB7X/GSj3UVJW9qKyn43xWa+gl5nXmU4qqLMRzWVLFC8KusUX8T/0kCiOYpAIQ==}

snapshots:

  '@lynx-js/autolink-codegen@0.4.1': {}

  '@lynx-js/internal-preact@11.0.0-rc.1-20260903085447-f95471a': {}

  '@lynx-js/react@0.126.0(@lynx-js/types@3.9.0)(@types/react@19.2.18)':
    dependencies:
      '@types/react': 19.2.18
      preact: '@lynx-js/internal-preact@11.0.0-rc.1-20260903085447-f95471a'
    optionalDependencies:
      '@lynx-js/types': 3.9.0
    transitivePeerDependencies:
      - preact-render-to-string

  '@lynx-js/types@3.9.0':
    dependencies:
      csstype: 3.1.3
    optional: true

  '@types/react@19.2.18':
    dependencies:
      csstype: 3.2.3

  csstype@3.1.3:
    optional: true

  csstype@3.2.3: {}
