PODS:
  - BaseDevtool (4.0.0):
    - BaseDevtool/framework (= 4.0.0)
  - BaseDevtool/framework (4.0.0):
    - DebugRouter (>= 5.0.15)
    - Lynx (= 4.0.0)
    - LynxBase (= 4.0.0)
  - DebugRouter (5.0.15):
    - DebugRouter/Framework (= 5.0.15)
    - DebugRouter/Native (= 5.0.15)
    - DebugRouter/third_party (= 5.0.15)
  - DebugRouter/Framework (5.0.15):
    - DebugRouter/Native
  - DebugRouter/MessageTransceiverEnable (5.0.15)
  - DebugRouter/Native (5.0.15):
    - DebugRouter/third_party
  - DebugRouter/third_party (5.0.15):
    - DebugRouter/third_party/jsoncpp (= 5.0.15)
  - DebugRouter/third_party/jsoncpp (5.0.15)
  - Lynx (4.0.0):
    - Lynx/Framework (= 4.0.0)
  - lynx-fast-image (0.0.1):
    - Lynx (= 4.0.0)
    - SDWebImage (~> 5.21.0)
  - Lynx/Framework (4.0.0):
    - Lynx/ReleaseResource
    - LynxBase/Framework
    - LynxServiceAPI
    - PrimJS/napi/env
    - PrimJS/napi/jsc
    - PrimJS/napi/quickjs
    - PrimJS/quickjs (= 4.0.0)
  - Lynx/ReleaseResource (4.0.0)
  - LynxBase (4.0.0):
    - LynxBase/Framework (= 4.0.0)
  - LynxBase/Framework (4.0.0):
    - LynxServiceAPI/Core
  - LynxDevtool (4.0.0):
    - LynxDevtool/Framework (= 4.0.0)
    - LynxDevtool/LynxCore (= 4.0.0)
    - LynxDevtool/LynxRecorder (= 4.0.0)
  - LynxDevtool/Framework (4.0.0):
    - BaseDevtool (= 4.0.0)
    - DebugRouter (>= 5.0.15)
    - Lynx (= 4.0.0)
    - LynxBase (= 4.0.0)
    - LynxDevtool/Framework/zlib (= 4.0.0)
    - LynxDevtool/LynxCore
    - PrimJS/quickjs_debugger
    - PrimJS/quickjs_heapprofiler
    - PrimJS/quickjs_profiler
    - SocketRocket
  - LynxDevtool/Framework/zlib (4.0.0):
    - BaseDevtool (= 4.0.0)
    - DebugRouter (>= 5.0.15)
    - Lynx (= 4.0.0)
    - LynxBase (= 4.0.0)
    - LynxDevtool/LynxCore
    - PrimJS/quickjs_debugger
    - PrimJS/quickjs_heapprofiler
    - PrimJS/quickjs_profiler
    - SocketRocket
  - LynxDevtool/LynxCore (4.0.0)
  - LynxDevtool/LynxRecorder (4.0.0):
    - LynxDevtool/Framework
  - LynxService/Devtool (4.0.0):
    - Lynx (= 4.0.0)
    - LynxDevtool (= 4.0.0)
    - LynxServiceAPI (= 4.0.0)
  - LynxService/Http (4.0.0):
    - Lynx (= 4.0.0)
    - LynxServiceAPI (= 4.0.0)
  - LynxService/Log (4.0.0):
    - Lynx (= 4.0.0)
    - LynxBase (= 4.0.0)
    - LynxServiceAPI (= 4.0.0)
  - LynxServiceAPI (4.0.0):
    - LynxServiceAPI/Core (= 4.0.0)
  - LynxServiceAPI/Core (4.0.0)
  - PrimJS/log (4.0.0)
  - PrimJS/napi (4.0.0):
    - PrimJS/napi/adapter (= 4.0.0)
    - PrimJS/napi/core (= 4.0.0)
    - PrimJS/napi/env (= 4.0.0)
    - PrimJS/napi/jsc (= 4.0.0)
    - PrimJS/napi/quickjs (= 4.0.0)
  - PrimJS/napi/adapter (4.0.0):
    - PrimJS/napi/core
    - PrimJS/napi/env
  - PrimJS/napi/core (4.0.0)
  - PrimJS/napi/env (4.0.0):
    - PrimJS/napi/core
  - PrimJS/napi/jsc (4.0.0):
    - PrimJS/log
    - PrimJS/napi/core
    - PrimJS/quickjs
  - PrimJS/napi/quickjs (4.0.0):
    - PrimJS/napi/core
    - PrimJS/quickjs
  - PrimJS/quickjs (4.0.0):
    - PrimJS/log
  - PrimJS/quickjs_debugger (4.0.0):
    - PrimJS/quickjs
  - PrimJS/quickjs_heapprofiler (4.0.0):
    - PrimJS/quickjs_debugger
  - PrimJS/quickjs_profiler (4.0.0):
    - PrimJS/quickjs_debugger
  - SDWebImage (5.21.7):
    - SDWebImage/Core (= 5.21.7)
  - SDWebImage/Core (5.21.7)
  - SocketRocket (0.7.1)

DEPENDENCIES:
  - BaseDevtool (= 4.0.0)
  - DebugRouter (~> 5.0)
  - DebugRouter/MessageTransceiverEnable (~> 5.0)
  - lynx-fast-image (from `../../ios`)
  - Lynx/Framework (= 4.0.0)
  - LynxDevtool/Framework (= 4.0.0)
  - LynxService/Devtool (= 4.0.0)
  - LynxService/Http (= 4.0.0)
  - LynxService/Log (= 4.0.0)
  - PrimJS/napi (= 4.0.0)
  - PrimJS/quickjs (= 4.0.0)
  - SDWebImage (~> 5.21)

SPEC REPOS:
  trunk:
    - BaseDevtool
    - DebugRouter
    - Lynx
    - LynxBase
    - LynxDevtool
    - LynxService
    - LynxServiceAPI
    - PrimJS
    - SDWebImage
    - SocketRocket

EXTERNAL SOURCES:
  lynx-fast-image:
    :path: "../../ios"

SPEC CHECKSUMS:
  BaseDevtool: 53e16deb081f47cc8d997764fbdef59a9a4d17d7
  DebugRouter: f0323a03519feabd12f553f0da7ac7931873a0ea
  Lynx: 34c94a5ca239b8c282519ccbb598da390c3d7741
  lynx-fast-image: e8b062f3f8fe7d7d08be389cbe7f1950f9716a43
  LynxBase: 0d3bd0b34481421ab2650c5ce2ede9bd8a9d4d0d
  LynxDevtool: 5ebbad403003238da502c4cd3e2c3593a8fd2535
  LynxService: e814fa4b7fc2df2abd9d3d330a1f2160130ecbdd
  LynxServiceAPI: 49e15fd0fa9647a36118016ce271b097297f5e23
  PrimJS: f048efc0923e73cde312466a110516f56b70834d
  SDWebImage: e9fc87c1aab89a8ab1bbd74eba378c6f53be8abf
  SocketRocket: d4aabe649be1e368d1318fdf28a022d714d65748

PODFILE CHECKSUM: be5d02b5e82faec483c2bd1bfd67e2917812184e

COCOAPODS: 1.17.0
